
Microsoft Visual Studio Solution File, Format Version 12.00
# Visual Studio 15
VisualStudioVersion = 15.0.28307.779
MinimumVisualStudioVersion = 10.0.40219.1
Project("{FAE04EC0-301F-11D3-BF4B-00C04F79EFBC}") = "Semana02-Propuesta03", "Semana02-Propuesta03\Semana02-Propuesta03.csproj", "{CA5D9F12-3C03-4FCB-8717-B686F47C5ACB}"
EndProject
Global
	GlobalSection(SolutionConfigurationPlatforms) = preSolution
		Debug|Any CPU = Debug|Any CPU
		Release|Any CPU = Release|Any CPU
	EndGlobalSection
	GlobalSection(ProjectConfigurationPlatforms) = postSolution
		{CA5D9F12-3C03-4FCB-8717-B686F47C5ACB}.Debug|Any CPU.ActiveCfg = Debug|Any CPU
		{CA5D9F12-3C03-4FCB-8717-B686F47C5ACB}.Debug|Any CPU.Build.0 = Debug|Any CPU
		{CA5D9F12-3C03-4FCB-8717-B686F47C5ACB}.Release|Any CPU.ActiveCfg = Release|Any CPU
		{CA5D9F12-3C03-4FCB-8717-B686F47C5ACB}.Release|Any CPU.Build.0 = Release|Any CPU
	EndGlobalSection
	GlobalSection(SolutionProperties) = preSolution
		HideSolutionNode = FALSE
	EndGlobalSection
	GlobalSection(ExtensibilityGlobals) = postSolution
		SolutionGuid = {A42FE703-D6DA-4617-92D9-77528C70B59C}
	EndGlobalSection
EndGlobal
